
Microsoft Visual Studio Solution File, Format Version 12.00
# Visual Studio Version 16
VisualStudioVersion = 16.0.29920.165
MinimumVisualStudioVersion = 10.0.40219.1
Project("{FAE04EC0-301F-11D3-BF4B-00C04F79EFBC}") = "OgrenciNotMvc", "OgrenciNotMvc\OgrenciNotMvc.csproj", "{1526F298-1BEE-4F6C-A0CC-063630EC9AAE}"
EndProject
Global
	GlobalSection(SolutionConfigurationPlatforms) = preSolution
		Debug|Any CPU = Debug|Any CPU
		Release|Any CPU = Release|Any CPU
	EndGlobalSection
	GlobalSection(ProjectConfigurationPlatforms) = postSolution
		{1526F298-1BEE-4F6C-A0CC-063630EC9AAE}.Debug|Any CPU.ActiveCfg = Debug|Any CPU
		{1526F298-1BEE-4F6C-A0CC-063630EC9AAE}.Debug|Any CPU.Build.0 = Debug|Any CPU
		{1526F298-1BEE-4F6C-A0CC-063630EC9AAE}.Release|Any CPU.ActiveCfg = Release|Any CPU
		{1526F298-1BEE-4F6C-A0CC-063630EC9AAE}.Release|Any CPU.Build.0 = Release|Any CPU
	EndGlobalSection
	GlobalSection(SolutionProperties) = preSolution
		HideSolutionNode = FALSE
	EndGlobalSection
	GlobalSection(ExtensibilityGlobals) = postSolution
		SolutionGuid = {86E0F69A-3F2F-4312-9BAE-A8BB997C5638}
	EndGlobalSection
EndGlobal
